
Microsoft Visual Studio Solution File, Format Version 12.00
# Visual Studio Version 16
VisualStudioVersion = 16.0.29911.84
MinimumVisualStudioVersion = 10.0.40219.1
Project("{FAE04EC0-301F-11D3-BF4B-00C04F79EFBC}") = "XFAddressBook.UWP", "XFAddressBook.UWP\XFAddressBook.UWP.csproj", "{861D348E-C88B-4E44-8137-3112F292C882}"
EndProject
Project("{FAE04EC0-301F-11D3-BF4B-00C04F79EFBC}") = "XFAddressBook.Android", "XFAddressBook.Android\XFAddressBook.Android.csproj", "{C07F1112-E878-42D2-B21F-8589DFB98E0D}"
EndProject
Project("{FAE04EC0-301F-11D3-BF4B-00C04F79EFBC}") = "XFAddressBook.iOS", "XFAddressBook.iOS\XFAddressBook.iOS.csproj", "{8D075D95-47A4-4BA5-89DD-9E6F247C0333}"
EndProject
Project("{FAE04EC0-301F-11D3-BF4B-00C04F79EFBC}") = "XFAddressBook", "XFAddressBook\XFAddressBook.csproj", "{C55351DD-0CB2-44CE-8C98-963B6AB194BD}"
EndProject
Global
	GlobalSection(SolutionConfigurationPlatforms) = preSolution
		Debug|Any CPU = Debug|Any CPU
		Debug|ARM = Debug|ARM
		Debug|iPhone = Debug|iPhone
		Debug|iPhoneSimulator = Debug|iPhoneSimulator
		Debug|x64 = Debug|x64
		Debug|x86 = Debug|x86
		Release|Any CPU = Release|Any CPU
		Release|ARM = Release|ARM
		Release|iPhone = Release|iPhone
		Release|iPhoneSimulator = Release|iPhoneSimulator
		Release|x64 = Release|x64
		Release|x86 = Release|x86
	EndGlobalSection
	GlobalSection(ProjectConfigurationPlatforms) = postSolution
		{861D348E-C88B-4E44-8137-3112F292C882}.Debug|Any CPU.ActiveCfg = Debug|x86
		{861D348E-C88B-4E44-8137-3112F292C882}.Debug|Any CPU.Build.0 = Debug|x86
		{861D348E-C88B-4E44-8137-3112F292C882}.Debug|Any CPU.Deploy.0 = Debug|x86
		{861D348E-C88B-4E44-8137-3112F292C882}.Debug|ARM.ActiveCfg = Debug|ARM
		{861D348E-C88B-4E44-8137-3112F292C882}.Debug|ARM.Build.0 = Debug|ARM
		{861D348E-C88B-4E44-8137-3112F292C882}.Debug|ARM.Deploy.0 = Debug|ARM
		{861D348E-C88B-4E44-8137-3112F292C882}.Debug|iPhone.ActiveCfg = Debug|x86
		{861D348E-C88B-4E44-8137-3112F292C882}.Debug|iPhone.Build.0 = Debug|x86
		{861D348E-C88B-4E44-8137-3112F292C882}.Debug|iPhone.Deploy.0 = Debug|x86
		{861D348E-C88B-4E44-8137-3112F292C882}.Debug|iPhoneSimulator.ActiveCfg = Debug|x86
		{861D348E-C88B-4E44-8137-3112F292C882}.Debug|iPhoneSimulator.Build.0 = Debug|x86
		{861D348E-C88B-4E44-8137-3112F292C882}.Debug|iPhoneSimulator.Deploy.0 = Debug|x86
		{861D348E-C88B-4E44-8137-3112F292C882}.Debug|x64.ActiveCfg = Debug|x64
		{861D348E-C88B-4E44-8137-3112F292C882}.Debug|x64.Build.0 = Debug|x64
		{861D348E-C88B-4E44-8137-3112F292C882}.Debug|x64.Deploy.0 = Debug|x64
		{861D348E-C88B-4E44-8137-3112F292C882}.Debug|x86.ActiveCfg = Debug|x86
		{861D348E-C88B-4E44-8137-3112F292C882}.Debug|x86.Build.0 = Debug|x86
		{861D348E-C88B-4E44-8137-3112F292C882}.Debug|x86.Deploy.0 = Debug|x86
		{861D348E-C88B-4E44-8137-3112F292C882}.Release|Any CPU.ActiveCfg = Release|x86
		{861D348E-C88B-4E44-8137-3112F292C882}.Release|Any CPU.Build.0 = Release|x86
		{861D348E-C88B-4E44-8137-3112F292C882}.Release|Any CPU.Deploy.0 = Release|x86
		{861D348E-C88B-4E44-8137-3112F292C882}.Release|ARM.ActiveCfg = Release|ARM
		{861D348E-C88B-4E44-8137-3112F292C882}.Release|ARM.Build.0 = Release|ARM
		{861D348E-C88B-4E44-8137-3112F292C882}.Release|ARM.Deploy.0 = Release|ARM
		{861D348E-C88B-4E44-8137-3112F292C882}.Release|iPhone.ActiveCfg = Release|x86
		{861D348E-C88B-4E44-8137-3112F292C882}.Release|iPhone.Build.0 = Release|x86
		{861D348E-C88B-4E44-8137-3112F292C882}.Release|iPhone.Deploy.0 = Release|x86
		{861D348E-C88B-4E44-8137-3112F292C882}.Release|iPhoneSimulator.ActiveCfg = Release|x86
		{861D348E-C88B-4E44-8137-3112F292C882}.Release|iPhoneSimulator.Build.0 = Release|x86
		{861D348E-C88B-4E44-8137-3112F292C882}.Release|iPhoneSimulator.Deploy.0 = Release|x86
		{861D348E-C88B-4E44-8137-3112F292C882}.Release|x64.ActiveCfg = Release|x64
		{861D348E-C88B-4E44-8137-3112F292C882}.Release|x64.Build.0 = Release|x64
		{861D348E-C88B-4E44-8137-3112F292C882}.Release|x64.Deploy.0 = Release|x64
		{861D348E-C88B-4E44-8137-3112F292C882}.Release|x86.ActiveCfg = Release|x86
		{861D348E-C88B-4E44-8137-3112F292C882}.Release|x86.Build.0 = Release|x86
		{861D348E-C88B-4E44-8137-3112F292C882}.Release|x86.Deploy.0 = Release|x86
		{C07F1112-E878-42D2-B21F-8589DFB98E0D}.Debug|Any CPU.ActiveCfg = Debug|Any CPU
		{C07F1112-E878-42D2-B21F-8589DFB98E0D}.Debug|Any CPU.Build.0 = Debug|Any CPU
		{C07F1112-E878-42D2-B21F-8589DFB98E0D}.Debug|Any CPU.Deploy.0 = Debug|Any CPU
		{C07F1112-E878-42D2-B21F-8589DFB98E0D}.Debug|ARM.ActiveCfg = Debug|Any CPU
		{C07F1112-E878-42D2-B21F-8589DFB98E0D}.Debug|ARM.Build.0 = Debug|Any CPU
		{C07F1112-E878-42D2-B21F-8589DFB98E0D}.Debug|ARM.Deploy.0 = Debug|Any CPU
		{C07F1112-E878-42D2-B21F-8589DFB98E0D}.Debug|iPhone.ActiveCfg = Debug|Any CPU
		{C07F1112-E878-42D2-B21F-8589DFB98E0D}.Debug|iPhone.Build.0 = Debug|Any CPU
		{C07F1112-E878-42D2-B21F-8589DFB98E0D}.Debug|iPhone.Deploy.0 = Debug|Any CPU
		{C07F1112-E878-42D2-B21F-8589DFB98E0D}.Debug|iPhoneSimulator.ActiveCfg = Debug|Any CPU
		{C07F1112-E878-42D2-B21F-8589DFB98E0D}.Debug|iPhoneSimulator.Build.0 = Debug|Any CPU
		{C07F1112-E878-42D2-B21F-8589DFB98E0D}.Debug|iPhoneSimulator.Deploy.0 = Debug|Any CPU
		{C07F1112-E878-42D2-B21F-8589DFB98E0D}.Debug|x64.ActiveCfg = Debug|Any CPU
		{C07F1112-E878-42D2-B21F-8589DFB98E0D}.Debug|x64.Build.0 = Debug|Any CPU
		{C07F1112-E878-42D2-B21F-8589DFB98E0D}.Debug|x64.Deploy.0 = Debug|Any CPU
		{C07F1112-E878-42D2-B21F-8589DFB98E0D}.Debug|x86.ActiveCfg = Debug|Any CPU
		{C07F1112-E878-42D2-B21F-8589DFB98E0D}.Debug|x86.Build.0 = Debug|Any CPU
		{C07F1112-E878-42D2-B21F-8589DFB98E0D}.Debug|x86.Deploy.0 = Debug|Any CPU
		{C07F1112-E878-42D2-B21F-8589DFB98E0D}.Release|Any CPU.ActiveCfg = Release|Any CPU
		{C07F1112-E878-42D2-B21F-8589DFB98E0D}.Release|Any CPU.Build.0 = Release|Any CPU
		{C07F1112-E878-42D2-B21F-8589DFB98E0D}.Release|Any CPU.Deploy.0 = Release|Any CPU
		{C07F1112-E878-42D2-B21F-8589DFB98E0D}.Release|ARM.ActiveCfg = Release|Any CPU
		{C07F1112-E878-42D2-B21F-8589DFB98E0D}.Release|ARM.Build.0 = Release|Any CPU
		{C07F1112-E878-42D2-B21F-8589DFB98E0D}.Release|ARM.Deploy.0 = Release|Any CPU
		{C07F1112-E878-42D2-B21F-8589DFB98E0D}.Release|iPhone.ActiveCfg = Release|Any CPU
		{C07F1112-E878-42D2-B21F-8589DFB98E0D}.Release|iPhone.Build.0 = Release|Any CPU
		{C07F1112-E878-42D2-B21F-8589DFB98E0D}.Release|iPhone.Deploy.0 = Release|Any CPU
		{C07F1112-E878-42D2-B21F-8589DFB98E0D}.Release|iPhoneSimulator.ActiveCfg = Release|Any CPU
		{C07F1112-E878-42D2-B21F-8589DFB98E0D}.Release|iPhoneSimulator.Build.0 = Release|Any CPU
		{C07F1112-E878-42D2-B21F-8589DFB98E0D}.Release|iPhoneSimulator.Deploy.0 = Release|Any CPU
		{C07F1112-E878-42D2-B21F-8589DFB98E0D}.Release|x64.ActiveCfg = Release|Any CPU
		{C07F1112-E878-42D2-B21F-8589DFB98E0D}.Release|x64.Build.0 = Release|Any CPU
		{C07F1112-E878-42D2-B21F-8589DFB98E0D}.Release|x64.Deploy.0 = Release|Any CPU
		{C07F1112-E878-42D2-B21F-8589DFB98E0D}.Release|x86.ActiveCfg = Release|Any CPU
		{C07F1112-E878-42D2-B21F-8589DFB98E0D}.Release|x86.Build.0 = Release|Any CPU
		{C07F1112-E878-42D2-B21F-8589DFB98E0D}.Release|x86.Deploy.0 = Release|Any CPU
		{8D075D95-47A4-4BA5-89DD-9E6F247C0333}.Debug|Any CPU.ActiveCfg = Debug|iPhone
		{8D075D95-47A4-4BA5-89DD-9E6F247C0333}.Debug|Any CPU.Build.0 = Debug|iPhone
		{8D075D95-47A4-4BA5-89DD-9E6F247C0333}.Debug|Any CPU.Deploy.0 = Debug|iPhone
		{8D075D95-47A4-4BA5-89DD-9E6F247C0333}.Debug|ARM.ActiveCfg = Debug|iPhone
		{8D075D95-47A4-4BA5-89DD-9E6F247C0333}.Debug|ARM.Build.0 = Debug|iPhone
		{8D075D95-47A4-4BA5-89DD-9E6F247C0333}.Debug|ARM.Deploy.0 = Debug|iPhone
		{8D075D95-47A4-4BA5-89DD-9E6F247C0333}.Debug|iPhone.ActiveCfg = Debug|iPhone
		{8D075D95-47A4-4BA5-89DD-9E6F247C0333}.Debug|iPhone.Build.0 = Debug|iPhone
		{8D075D95-47A4-4BA5-89DD-9E6F247C0333}.Debug|iPhone.Deploy.0 = Debug|iPhone
		{8D075D95-47A4-4BA5-89DD-9E6F247C0333}.Debug|iPhoneSimulator.ActiveCfg = Debug|iPhoneSimulator
		{8D075D95-47A4-4BA5-89DD-9E6F247C0333}.Debug|iPhoneSimulator.Build.0 = Debug|iPhoneSimulator
		{8D075D95-47A4-4BA5-89DD-9E6F247C0333}.Debug|iPhoneSimulator.Deploy.0 = Debug|iPhoneSimulator
		{8D075D95-47A4-4BA5-89DD-9E6F247C0333}.Debug|x64.ActiveCfg = Debug|iPhone
		{8D075D95-47A4-4BA5-89DD-9E6F247C0333}.Debug|x64.Build.0 = Debug|iPhone
		{8D075D95-47A4-4BA5-89DD-9E6F247C0333}.Debug|x64.Deploy.0 = Debug|iPhone
		{8D075D95-47A4-4BA5-89DD-9E6F247C0333}.Debug|x86.ActiveCfg = Debug|iPhone
		{8D075D95-47A4-4BA5-89DD-9E6F247C0333}.Debug|x86.Build.0 = Debug|iPhone
		{8D075D95-47A4-4BA5-89DD-9E6F247C0333}.Debug|x86.Deploy.0 = Debug|iPhone
		{8D075D95-47A4-4BA5-89DD-9E6F247C0333}.Release|Any CPU.ActiveCfg = Release|iPhone
		{8D075D95-47A4-4BA5-89DD-9E6F247C0333}.Release|Any CPU.Build.0 = Release|iPhone
		{8D075D95-47A4-4BA5-89DD-9E6F247C0333}.Release|Any CPU.Deploy.0 = Release|iPhone
		{8D075D95-47A4-4BA5-89DD-9E6F247C0333}.Release|ARM.ActiveCfg = Release|iPhone
		{8D075D95-47A4-4BA5-89DD-9E6F247C0333}.Release|ARM.Build.0 = Release|iPhone
		{8D075D95-47A4-4BA5-89DD-9E6F247C0333}.Release|ARM.Deploy.0 = Release|iPhone
		{8D075D95-47A4-4BA5-89DD-9E6F247C0333}.Release|iPhone.ActiveCfg = Release|iPhone
		{8D075D95-47A4-4BA5-89DD-9E6F247C0333}.Release|iPhone.Build.0 = Release|iPhone
		{8D075D95-47A4-4BA5-89DD-9E6F247C0333}.Release|iPhone.Deploy.0 = Release|iPhone
		{8D075D95-47A4-4BA5-89DD-9E6F247C0333}.Release|iPhoneSimulator.ActiveCfg = Release|iPhoneSimulator
		{8D075D95-47A4-4BA5-89DD-9E6F247C0333}.Release|iPhoneSimulator.Build.0 = Release|iPhoneSimulator
		{8D075D95-47A4-4BA5-89DD-9E6F247C0333}.Release|iPhoneSimulator.Deploy.0 = Release|iPhoneSimulator
		{8D075D95-47A4-4BA5-89DD-9E6F247C0333}.Release|x64.ActiveCfg = Release|iPhone
		{8D075D95-47A4-4BA5-89DD-9E6F247C0333}.Release|x64.Build.0 = Release|iPhone
		{8D075D95-47A4-4BA5-89DD-9E6F247C0333}.Release|x64.Deploy.0 = Release|iPhone
		{8D075D95-47A4-4BA5-89DD-9E6F247C0333}.Release|x86.ActiveCfg = Release|iPhone
		{8D075D95-47A4-4BA5-89DD-9E6F247C0333}.Release|x86.Build.0 = Release|iPhone
		{8D075D95-47A4-4BA5-89DD-9E6F247C0333}.Release|x86.Deploy.0 = Release|iPhone
		{C55351DD-0CB2-44CE-8C98-963B6AB194BD}.Debug|Any CPU.ActiveCfg = Debug|Any CPU
		{C55351DD-0CB2-44CE-8C98-963B6AB194BD}.Debug|Any CPU.Build.0 = Debug|Any CPU
		{C55351DD-0CB2-44CE-8C98-963B6AB194BD}.Debug|Any CPU.Deploy.0 = Debug|Any CPU
		{C55351DD-0CB2-44CE-8C98-963B6AB194BD}.Debug|ARM.ActiveCfg = Debug|Any CPU
		{C55351DD-0CB2-44CE-8C98-963B6AB194BD}.Debug|ARM.Build.0 = Debug|Any CPU
		{C55351DD-0CB2-44CE-8C98-963B6AB194BD}.Debug|ARM.Deploy.0 = Debug|Any CPU
		{C55351DD-0CB2-44CE-8C98-963B6AB194BD}.Debug|iPhone.ActiveCfg = Debug|Any CPU
		{C55351DD-0CB2-44CE-8C98-963B6AB194BD}.Debug|iPhone.Build.0 = Debug|Any CPU
		{C55351DD-0CB2-44CE-8C98-963B6AB194BD}.Debug|iPhone.Deploy.0 = Debug|Any CPU
		{C55351DD-0CB2-44CE-8C98-963B6AB194BD}.Debug|iPhoneSimulator.ActiveCfg = Debug|Any CPU
		{C55351DD-0CB2-44CE-8C98-963B6AB194BD}.Debug|iPhoneSimulator.Build.0 = Debug|Any CPU
		{C55351DD-0CB2-44CE-8C98-963B6AB194BD}.Debug|iPhoneSimulator.Deploy.0 = Debug|Any CPU
		{C55351DD-0CB2-44CE-8C98-963B6AB194BD}.Debug|x64.ActiveCfg = Debug|Any CPU
		{C55351DD-0CB2-44CE-8C98-963B6AB194BD}.Debug|x64.Build.0 = Debug|Any CPU
		{C55351DD-0CB2-44CE-8C98-963B6AB194BD}.Debug|x64.Deploy.0 = Debug|Any CPU
		{C55351DD-0CB2-44CE-8C98-963B6AB194BD}.Debug|x86.ActiveCfg = Debug|Any CPU
		{C55351DD-0CB2-44CE-8C98-963B6AB194BD}.Debug|x86.Build.0 = Debug|Any CPU
		{C55351DD-0CB2-44CE-8C98-963B6AB194BD}.Debug|x86.Deploy.0 = Debug|Any CPU
		{C55351DD-0CB2-44CE-8C98-963B6AB194BD}.Release|Any CPU.ActiveCfg = Release|Any CPU
		{C55351DD-0CB2-44CE-8C98-963B6AB194BD}.Release|Any CPU.Build.0 = Release|Any CPU
		{C55351DD-0CB2-44CE-8C98-963B6AB194BD}.Release|Any CPU.Deploy.0 = Release|Any CPU
		{C55351DD-0CB2-44CE-8C98-963B6AB194BD}.Release|ARM.ActiveCfg = Release|Any CPU
		{C55351DD-0CB2-44CE-8C98-963B6AB194BD}.Release|ARM.Build.0 = Release|Any CPU
		{C55351DD-0CB2-44CE-8C98-963B6AB194BD}.Release|ARM.Deploy.0 = Release|Any CPU
		{C55351DD-0CB2-44CE-8C98-963B6AB194BD}.Release|iPhone.ActiveCfg = Release|Any CPU
		{C55351DD-0CB2-44CE-8C98-963B6AB194BD}.Release|iPhone.Build.0 = Release|Any CPU
		{C55351DD-0CB2-44CE-8C98-963B6AB194BD}.Release|iPhone.Deploy.0 = Release|Any CPU
		{C55351DD-0CB2-44CE-8C98-963B6AB194BD}.Release|iPhoneSimulator.ActiveCfg = Release|Any CPU
		{C55351DD-0CB2-44CE-8C98-963B6AB194BD}.Release|iPhoneSimulator.Build.0 = Release|Any CPU
		{C55351DD-0CB2-44CE-8C98-963B6AB194BD}.Release|iPhoneSimulator.Deploy.0 = Release|Any CPU
		{C55351DD-0CB2-44CE-8C98-963B6AB194BD}.Release|x64.ActiveCfg = Release|Any CPU
		{C55351DD-0CB2-44CE-8C98-963B6AB194BD}.Release|x64.Build.0 = Release|Any CPU
		{C55351DD-0CB2-44CE-8C98-963B6AB194BD}.Release|x64.Deploy.0 = Release|Any CPU
		{C55351DD-0CB2-44CE-8C98-963B6AB194BD}.Release|x86.ActiveCfg = Release|Any CPU
		{C55351DD-0CB2-44CE-8C98-963B6AB194BD}.Release|x86.Build.0 = Release|Any CPU
		{C55351DD-0CB2-44CE-8C98-963B6AB194BD}.Release|x86.Deploy.0 = Release|Any CPU
	EndGlobalSection
	GlobalSection(SolutionProperties) = preSolution
		HideSolutionNode = FALSE
	EndGlobalSection
	GlobalSection(ExtensibilityGlobals) = postSolution
		SolutionGuid = {369C97F3-EB5C-43F3-B8A8-690AB55E1A64}
	EndGlobalSection
EndGlobal
